// !$*UTF8*$!
{
	archiveVersion = 1;
	classes = {
	};
	objectVersion = 50;
	objects = {

/* Begin PBXBuildFile section */
		1932A0EA20E40B0100DB85AB /* AppDelegate.m in Sources */ = {isa = PBXBuildFile; fileRef = 1932A0E920E40B0100DB85AB /* AppDelegate.m */; };
		1932A0F020E40B0100DB85AB /* Main.storyboard in Resources */ = {isa = PBXBuildFile; fileRef = 1932A0EE20E40B0100DB85AB /* Main.storyboard */; };
		1932A0F220E40B0200DB85AB /* Assets.xcassets in Resources */ = {isa = PBXBuildFile; fileRef = 1932A0F120E40B0200DB85AB /* Assets.xcassets */; };
		1932A0F520E40B0200DB85AB /* LaunchScreen.storyboard in Resources */ = {isa = PBXBuildFile; fileRef = 1932A0F320E40B0200DB85AB /* LaunchScreen.storyboard */; };
		1932A0F820E40B0200DB85AB /* main.m in Sources */ = {isa = PBXBuildFile; fileRef = 1932A0F720E40B0200DB85AB /* main.m */; };
		1932A10220E40B0200DB85AB /* FlixTests.m in Sources */ = {isa = PBXBuildFile; fileRef = 1932A10120E40B0200DB85AB /* FlixTests.m */; };
		1932A10D20E40B0200DB85AB /* FlixUITests.m in Sources */ = {isa = PBXBuildFile; fileRef = 1932A10C20E40B0200DB85AB /* FlixUITests.m */; };
		1932A11C20E40D1100DB85AB /* MoviesViewController.m in Sources */ = {isa = PBXBuildFile; fileRef = 1932A11B20E40D1100DB85AB /* MoviesViewController.m */; };
		19602E6120E454D800694145 /* MovieCell.m in Sources */ = {isa = PBXBuildFile; fileRef = 19602E6020E454D800694145 /* MovieCell.m */; };
		19602E6420E554A000694145 /* DetailsViewController.m in Sources */ = {isa = PBXBuildFile; fileRef = 19602E6320E554A000694145 /* DetailsViewController.m */; };
		1A0D58405AB999C635F960B5 /* libPods-FlixUITests.a in Frameworks */ = {isa = PBXBuildFile; fileRef = 986ADC994E6267B650EC1F35 /* libPods-FlixUITests.a */; };
		22C249F60FA16FD58F5A0C0D /* libPods-FlixTests.a in Frameworks */ = {isa = PBXBuildFile; fileRef = 4EE146DC4860F803279BDB85 /* libPods-FlixTests.a */; };
		77503E39AEC3D1B9D1FCE910 /* libPods-Flix.a in Frameworks */ = {isa = PBXBuildFile; fileRef = 1E0EAD0891C2C1621C35672F /* libPods-Flix.a */; };
/* End PBXBuildFile section */

/* Begin PBXContainerItemProxy section */
		1932A0FE20E40B0200DB85AB /* PBXContainerItemProxy */ = {
			isa = PBXContainerItemProxy;
			containerPortal = 1932A0DD20E40B0100DB85AB /* Project object */;
			proxyType = 1;
			remoteGlobalIDString = 1932A0E420E40B0100DB85AB;
			remoteInfo = Flix;
		};
		1932A10920E40B0200DB85AB /* PBXContainerItemProxy */ = {
			isa = PBXContainerItemProxy;
			containerPortal = 1932A0DD20E40B0100DB85AB /* Project object */;
			proxyType = 1;
			remoteGlobalIDString = 1932A0E420E40B0100DB85AB;
			remoteInfo = Flix;
		};
/* End PBXContainerItemProxy section */

/* Begin PBXFileReference section */
		080C8A28A4CBD29A14428D64 /* Pods-FlixTests.debug.xcconfig */ = {isa = PBXFileReference; includeInIndex = 1; lastKnownFileType = text.xcconfig; name = "Pods-FlixTests.debug.xcconfig"; path = "Pods/Target Support Files/Pods-FlixTests/Pods-FlixTests.debug.xcconfig"; sourceTree = "<group>"; };
		1932A0E520E40B0100DB85AB /* Flix.app */ = {isa = PBXFileReference; explicitFileType = wrapper.application; includeInIndex = 0; path = Flix.app; sourceTree = BUILT_PRODUCTS_DIR; };
		1932A0E820E40B0100DB85AB /* AppDelegate.h */ = {isa = PBXFileReference; lastKnownFileType = sourcecode.c.h; path = AppDelegate.h; sourceTree = "<group>"; };
		1932A0E920E40B0100DB85AB /* AppDelegate.m */ = {isa = PBXFileReference; lastKnownFileType = sourcecode.c.objc; path = AppDelegate.m; sourceTree = "<group>"; };
		1932A0EF20E40B0100DB85AB /* Base */ = {isa = PBXFileReference; lastKnownFileType = file.storyboard; name = Base; path = Base.lproj/Main.storyboard; sourceTree = "<group>"; };
		1932A0F120E40B0200DB85AB /* Assets.xcassets */ = {isa = PBXFileReference; lastKnownFileType = folder.assetcatalog; path = Assets.xcassets; sourceTree = "<group>"; };
		1932A0F420E40B0200DB85AB /* Base */ = {isa = PBXFileReference; lastKnownFileType = file.storyboard; name = Base; path = Base.lproj/LaunchScreen.storyboard; sourceTree = "<group>"; };
		1932A0F620E40B0200DB85AB /* Info.plist */ = {isa = PBXFileReference; lastKnownFileType = text.plist.xml; path = Info.plist; sourceTree = "<group>"; };
		1932A0F720E40B0200DB85AB /* main.m */ = {isa = PBXFileReference; lastKnownFileType = sourcecode.c.objc; path = main.m; sourceTree = "<group>"; };
		1932A0FD20E40B0200DB85AB /* FlixTests.xctest */ = {isa = PBXFileReference; explicitFileType = wrapper.cfbundle; includeInIndex = 0; path = FlixTests.xctest; sourceTree = BUILT_PRODUCTS_DIR; };
		1932A10120E40B0200DB85AB /* FlixTests.m */ = {isa = PBXFileReference; lastKnownFileType = sourcecode.c.objc; path = FlixTests.m; sourceTree = "<group>"; };
		1932A10320E40B0200DB85AB /* Info.plist */ = {isa = PBXFileReference; lastKnownFileType = text.plist.xml; path = Info.plist; sourceTree = "<group>"; };
		1932A10820E40B0200DB85AB /* FlixUITests.xctest */ = {isa = PBXFileReference; explicitFileType = wrapper.cfbundle; includeInIndex = 0; path = FlixUITests.xctest; sourceTree = BUILT_PRODUCTS_DIR; };
		1932A10C20E40B0200DB85AB /* FlixUITests.m */ = {isa = PBXFileReference; lastKnownFileType = sourcecode.c.objc; path = FlixUITests.m; sourceTree = "<group>"; };
		1932A10E20E40B0200DB85AB /* Info.plist */ = {isa = PBXFileReference; lastKnownFileType = text.plist.xml; path = Info.plist; sourceTree = "<group>"; };
		1932A11A20E40D1100DB85AB /* MoviesViewController.h */ = {isa = PBXFileReference; lastKnownFileType = sourcecode.c.h; path = MoviesViewController.h; sourceTree = "<group>"; };
		1932A11B20E40D1100DB85AB /* MoviesViewController.m */ = {isa = PBXFileReference; lastKnownFileType = sourcecode.c.objc; path = MoviesViewController.m; sourceTree = "<group>"; };
		19602E5F20E454D800694145 /* MovieCell.h */ = {isa = PBXFileReference; lastKnownFileType = sourcecode.c.h; path = MovieCell.h; sourceTree = "<group>"; };
		19602E6020E454D800694145 /* MovieCell.m */ = {isa = PBXFileReference; lastKnownFileType = sourcecode.c.objc; path = MovieCell.m; sourceTree = "<group>"; };
		19602E6220E554A000694145 /* DetailsViewController.h */ = {isa = PBXFileReference; lastKnownFileType = sourcecode.c.h; path = DetailsViewController.h; sourceTree = "<group>"; };
		19602E6320E554A000694145 /* DetailsViewController.m */ = {isa = PBXFileReference; lastKnownFileType = sourcecode.c.objc; path = DetailsViewController.m; sourceTree = "<group>"; };
		1E0EAD0891C2C1621C35672F /* libPods-Flix.a */ = {isa = PBXFileReference; explicitFileType = archive.ar; includeInIndex = 0; path = "libPods-Flix.a"; sourceTree = BUILT_PRODUCTS_DIR; };
		4EE146DC4860F803279BDB85 /* libPods-FlixTests.a */ = {isa = PBXFileReference; explicitFileType = archive.ar; includeInIndex = 0; path = "libPods-FlixTests.a"; sourceTree = BUILT_PRODUCTS_DIR; };
		7AF3BDBDB3028757F2A2D22C /* Pods-FlixUITests.release.xcconfig */ = {isa = PBXFileReference; includeInIndex = 1; lastKnownFileType = text.xcconfig; name = "Pods-FlixUITests.release.xcconfig"; path = "Pods/Target Support Files/Pods-FlixUITests/Pods-FlixUITests.release.xcconfig"; sourceTree = "<group>"; };
		894BBC62E0DD24CC46D8AE9F /* Pods-FlixTests.release.xcconfig */ = {isa = PBXFileReference; includeInIndex = 1; lastKnownFileType = text.xcconfig; name = "Pods-FlixTests.release.xcconfig"; path = "Pods/Target Support Files/Pods-FlixTests/Pods-FlixTests.release.xcconfig"; sourceTree = "<group>"; };
		95C2A20FB8831D7BA2DE3466 /* Pods-Flix.debug.xcconfig */ = {isa = PBXFileReference; includeInIndex = 1; lastKnownFileType = text.xcconfig; name = "Pods-Flix.debug.xcconfig"; path = "Pods/Target Support Files/Pods-Flix/Pods-Flix.debug.xcconfig"; sourceTree = "<group>"; };
		986ADC994E6267B650EC1F35 /* libPods-FlixUITests.a */ = {isa = PBXFileReference; explicitFileType = archive.ar; includeInIndex = 0; path = "libPods-FlixUITests.a"; sourceTree = BUILT_PRODUCTS_DIR; };
		D7D8E70592552F45AEAB62EB /* Pods-FlixUITests.debug.xcconfig */ = {isa = PBXFileReference; includeInIndex = 1; lastKnownFileType = text.xcconfig; name = "Pods-FlixUITests.debug.xcconfig"; path = "Pods/Target Support Files/Pods-FlixUITests/Pods-FlixUITests.debug.xcconfig"; sourceTree = "<group>"; };
		ECBFC5E1DA0ACD8C60A2D5AC /* Pods-Flix.release.xcconfig */ = {isa = PBXFileReference; includeInIndex = 1; lastKnownFileType = text.xcconfig; name = "Pods-Flix.release.xcconfig"; path = "Pods/Target Support Files/Pods-Flix/Pods-Flix.release.xcconfig"; sourceTree = "<group>"; };
/* End PBXFileReference section */

/* Begin PBXFrameworksBuildPhase section */
		1932A0E220E40B0100DB85AB /* Frameworks */ = {
			isa = PBXFrameworksBuildPhase;
			buildActionMask = 2147483647;
			files = (
				77503E39AEC3D1B9D1FCE910 /* libPods-Flix.a in Frameworks */,
			);
			runOnlyForDeploymentPostprocessing = 0;
		};
		1932A0FA20E40B0200DB85AB /* Frameworks */ = {
			isa = PBXFrameworksBuildPhase;
			buildActionMask = 2147483647;
			files = (
				22C249F60FA16FD58F5A0C0D /* libPods-FlixTests.a in Frameworks */,
			);
			runOnlyForDeploymentPostprocessing = 0;
		};
		1932A10520E40B0200DB85AB /* Frameworks */ = {
			isa = PBXFrameworksBuildPhase;
			buildActionMask = 2147483647;
			files = (
				1A0D58405AB999C635F960B5 /* libPods-FlixUITests.a in Frameworks */,
			);
			runOnlyForDeploymentPostprocessing = 0;
		};
/* End PBXFrameworksBuildPhase section */

/* Begin PBXGroup section */
		1932A0DC20E40B0100DB85AB = {
			isa = PBXGroup;
			children = (
				1932A0E720E40B0100DB85AB /* Flix */,
				1932A10020E40B0200DB85AB /* FlixTests */,
				1932A10B20E40B0200DB85AB /* FlixUITests */,
				1932A0E620E40B0100DB85AB /* Products */,
				FAE49922ADC5B63182F4CBA9 /* Pods */,
				EF557905F2FEC5D53EA0CEF2 /* Frameworks */,
			);
			sourceTree = "<group>";
		};
		1932A0E620E40B0100DB85AB /* Products */ = {
			isa = PBXGroup;
			children = (
				1932A0E520E40B0100DB85AB /* Flix.app */,
				1932A0FD20E40B0200DB85AB /* FlixTests.xctest */,
				1932A10820E40B0200DB85AB /* FlixUITests.xctest */,
			);
			name = Products;
			sourceTree = "<group>";
		};
		1932A0E720E40B0100DB85AB /* Flix */ = {
			isa = PBXGroup;
			children = (
				1932A0E820E40B0100DB85AB /* AppDelegate.h */,
				1932A0E920E40B0100DB85AB /* AppDelegate.m */,
				1932A0EE20E40B0100DB85AB /* Main.storyboard */,
				19602E6220E554A000694145 /* DetailsViewController.h */,
				19602E6320E554A000694145 /* DetailsViewController.m */,
				19602E5F20E454D800694145 /* MovieCell.h */,
				19602E6020E454D800694145 /* MovieCell.m */,
				1932A0F120E40B0200DB85AB /* Assets.xcassets */,
				1932A0F320E40B0200DB85AB /* LaunchScreen.storyboard */,
				1932A0F620E40B0200DB85AB /* Info.plist */,
				1932A0F720E40B0200DB85AB /* main.m */,
				1932A11A20E40D1100DB85AB /* MoviesViewController.h */,
				1932A11B20E40D1100DB85AB /* MoviesViewController.m */,
			);
			path = Flix;
			sourceTree = "<group>";
		};
		1932A10020E40B0200DB85AB /* FlixTests */ = {
			isa = PBXGroup;
			children = (
				1932A10120E40B0200DB85AB /* FlixTests.m */,
				1932A10320E40B0200DB85AB /* Info.plist */,
			);
			path = FlixTests;
			sourceTree = "<group>";
		};
		1932A10B20E40B0200DB85AB /* FlixUITests */ = {
			isa = PBXGroup;
			children = (
				1932A10C20E40B0200DB85AB /* FlixUITests.m */,
				1932A10E20E40B0200DB85AB /* Info.plist */,
			);
			path = FlixUITests;
			sourceTree = "<group>";
		};
		EF557905F2FEC5D53EA0CEF2 /* Frameworks */ = {
			isa = PBXGroup;
			children = (
				1E0EAD0891C2C1621C35672F /* libPods-Flix.a */,
				4EE146DC4860F803279BDB85 /* libPods-FlixTests.a */,
				986ADC994E6267B650EC1F35 /* libPods-FlixUITests.a */,
			);
			name = Frameworks;
			sourceTree = "<group>";
		};
		FAE49922ADC5B63182F4CBA9 /* Pods */ = {
			isa = PBXGroup;
			children = (
				95C2A20FB8831D7BA2DE3466 /* Pods-Flix.debug.xcconfig */,
				ECBFC5E1DA0ACD8C60A2D5AC /* Pods-Flix.release.xcconfig */,
				080C8A28A4CBD29A14428D64 /* Pods-FlixTests.debug.xcconfig */,
				894BBC62E0DD24CC46D8AE9F /* Pods-FlixTests.release.xcconfig */,
				D7D8E70592552F45AEAB62EB /* Pods-FlixUITests.debug.xcconfig */,
				7AF3BDBDB3028757F2A2D22C /* Pods-FlixUITests.release.xcconfig */,
			);
			name = Pods;
			sourceTree = "<group>";
		};
/* End PBXGroup section */

/* Begin PBXNativeTarget section */
		1932A0E420E40B0100DB85AB /* Flix */ = {
			isa = PBXNativeTarget;
			buildConfigurationList = 1932A11120E40B0200DB85AB /* Build configuration list for PBXNativeTarget "Flix" */;
			buildPhases = (
				080274FDFC2BF403A0D4F5DE /* [CP] Check Pods Manifest.lock */,
				1932A0E120E40B0100DB85AB /* Sources */,
				1932A0E220E40B0100DB85AB /* Frameworks */,
				1932A0E320E40B0100DB85AB /* Resources */,
			);
			buildRules = (
			);
			dependencies = (
			);
			name = Flix;
			productName = Flix;
			productReference = 1932A0E520E40B0100DB85AB /* Flix.app */;
			productType = "com.apple.product-type.application";
		};
		1932A0FC20E40B0200DB85AB /* FlixTests */ = {
			isa = PBXNativeTarget;
			buildConfigurationList = 1932A11420E40B0200DB85AB /* Build configuration list for PBXNativeTarget "FlixTests" */;
			buildPhases = (
				AB2FBA85FD25AC7D3C486C2A /* [CP] Check Pods Manifest.lock */,
				1932A0F920E40B0200DB85AB /* Sources */,
				1932A0FA20E40B0200DB85AB /* Frameworks */,
				1932A0FB20E40B0200DB85AB /* Resources */,
			);
			buildRules = (
			);
			dependencies = (
				1932A0FF20E40B0200DB85AB /* PBXTargetDependency */,
			);
			name = FlixTests;
			productName = FlixTests;
			productReference = 1932A0FD20E40B0200DB85AB /* FlixTests.xctest */;
			productType = "com.apple.product-type.bundle.unit-test";
		};
		1932A10720E40B0200DB85AB /* FlixUITests */ = {
			isa = PBXNativeTarget;
			buildConfigurationList = 1932A11720E40B0200DB85AB /* Build configuration list for PBXNativeTarget "FlixUITests" */;
			buildPhases = (
				AF43A8250A8E4401EC6EC288 /* [CP] Check Pods Manifest.lock */,
				1932A10420E40B0200DB85AB /* Sources */,
				1932A10520E40B0200DB85AB /* Frameworks */,
				1932A10620E40B0200DB85AB /* Resources */,
			);
			buildRules = (
			);
			dependencies = (
				1932A10A20E40B0200DB85AB /* PBXTargetDependency */,
			);
			name = FlixUITests;
			productName = FlixUITests;
			productReference = 1932A10820E40B0200DB85AB /* FlixUITests.xctest */;
			productType = "com.apple.product-type.bundle.ui-testing";
		};
/* End PBXNativeTarget section */

/* Begin PBXProject section */
		1932A0DD20E40B0100DB85AB /* Project object */ = {
			isa = PBXProject;
			attributes = {
				LastUpgradeCheck = 0940;
				ORGANIZATIONNAME = "Leah Xiao";
				TargetAttributes = {
					1932A0E420E40B0100DB85AB = {
						CreatedOnToolsVersion = 9.4.1;
					};
					1932A0FC20E40B0200DB85AB = {
						CreatedOnToolsVersion = 9.4.1;
						TestTargetID = 1932A0E420E40B0100DB85AB;
					};
					1932A10720E40B0200DB85AB = {
						CreatedOnToolsVersion = 9.4.1;
						TestTargetID = 1932A0E420E40B0100DB85AB;
					};
				};
			};
			buildConfigurationList = 1932A0E020E40B0100DB85AB /* Build configuration list for PBXProject "Flix" */;
			compatibilityVersion = "Xcode 9.3";
			developmentRegion = en;
			hasScannedForEncodings = 0;
			knownRegions = (
				en,
				Base,
			);
			mainGroup = 1932A0DC20E40B0100DB85AB;
			productRefGroup = 1932A0E620E40B0100DB85AB /* Products */;
			projectDirPath = "";
			projectRoot = "";
			targets = (
				1932A0E420E40B0100DB85AB /* Flix */,
				1932A0FC20E40B0200DB85AB /* FlixTests */,
				1932A10720E40B0200DB85AB /* FlixUITests */,
			);
		};
/* End PBXProject section */

/* Begin PBXResourcesBuildPhase section */
		1932A0E320E40B0100DB85AB /* Resources */ = {
			isa = PBXResourcesBuildPhase;
			buildActionMask = 2147483647;
			files = (
				1932A0F520E40B0200DB85AB /* LaunchScreen.storyboard in Resources */,
				1932A0F220E40B0200DB85AB /* Assets.xcassets in Resources */,
				1932A0F020E40B0100DB85AB /* Main.storyboard in Resources */,
			);
			runOnlyForDeploymentPostprocessing = 0;
		};
		1932A0FB20E40B0200DB85AB /* Resources */ = {
			isa = PBXResourcesBuildPhase;
			buildActionMask = 2147483647;
			files = (
			);
			runOnlyForDeploymentPostprocessing = 0;
		};
		1932A10620E40B0200DB85AB /* Resources */ = {
			isa = PBXResourcesBuildPhase;
			buildActionMask = 2147483647;
			files = (
			);
			runOnlyForDeploymentPostprocessing = 0;
		};
/* End PBXResourcesBuildPhase section */

/* Begin PBXShellScriptBuildPhase section */
		080274FDFC2BF403A0D4F5DE /* [CP] Check Pods Manifest.lock */ = {
			isa = PBXShellScriptBuildPhase;
			buildActionMask = 2147483647;
			files = (
			);
			inputPaths = (
				"${PODS_PODFILE_DIR_PATH}/Podfile.lock",
				"${PODS_ROOT}/Manifest.lock",
			);
			name = "[CP] Check Pods Manifest.lock";
			outputPaths = (
				"$(DERIVED_FILE_DIR)/Pods-Flix-checkManifestLockResult.txt",
			);
			runOnlyForDeploymentPostprocessing = 0;
			shellPath = /bin/sh;
			shellScript = "diff \"${PODS_PODFILE_DIR_PATH}/Podfile.lock\" \"${PODS_ROOT}/Manifest.lock\" > /dev/null\nif [ $? != 0 ] ; then\n    # print error to STDERR\n    echo \"error: The sandbox is not in sync with the Podfile.lock. Run 'pod install' or update your CocoaPods installation.\" >&2\n    exit 1\nfi\n# This output is used by Xcode 'outputs' to avoid re-running this script phase.\necho \"SUCCESS\" > \"${SCRIPT_OUTPUT_FILE_0}\"\n";
			showEnvVarsInLog = 0;
		};
		AB2FBA85FD25AC7D3C486C2A /* [CP] Check Pods Manifest.lock */ = {
			isa = PBXShellScriptBuildPhase;
			buildActionMask = 2147483647;
			files = (
			);
			inputPaths = (
				"${PODS_PODFILE_DIR_PATH}/Podfile.lock",
				"${PODS_ROOT}/Manifest.lock",
			);
			name = "[CP] Check Pods Manifest.lock";
			outputPaths = (
				"$(DERIVED_FILE_DIR)/Pods-FlixTests-checkManifestLockResult.txt",
			);
			runOnlyForDeploymentPostprocessing = 0;
			shellPath = /bin/sh;
			shellScript = "diff \"${PODS_PODFILE_DIR_PATH}/Podfile.lock\" \"${PODS_ROOT}/Manifest.lock\" > /dev/null\nif [ $? != 0 ] ; then\n    # print error to STDERR\n    echo \"error: The sandbox is not in sync with the Podfile.lock. Run 'pod install' or update your CocoaPods installation.\" >&2\n    exit 1\nfi\n# This output is used by Xcode 'outputs' to avoid re-running this script phase.\necho \"SUCCESS\" > \"${SCRIPT_OUTPUT_FILE_0}\"\n";
			showEnvVarsInLog = 0;
		};
		AF43A8250A8E4401EC6EC288 /* [CP] Check Pods Manifest.lock */ = {
			isa = PBXShellScriptBuildPhase;
			buildActionMask = 2147483647;
			files = (
			);
			inputPaths = (
				"${PODS_PODFILE_DIR_PATH}/Podfile.lock",
				"${PODS_ROOT}/Manifest.lock",
			);
			name = "[CP] Check Pods Manifest.lock";
			outputPaths = (
				"$(DERIVED_FILE_DIR)/Pods-FlixUITests-checkManifestLockResult.txt",
			);
			runOnlyForDeploymentPostprocessing = 0;
			shellPath = /bin/sh;
			shellScript = "diff \"${PODS_PODFILE_DIR_PATH}/Podfile.lock\" \"${PODS_ROOT}/Manifest.lock\" > /dev/null\nif [ $? != 0 ] ; then\n    # print error to STDERR\n    echo \"error: The sandbox is not in sync with the Podfile.lock. Run 'pod install' or update your CocoaPods installation.\" >&2\n    exit 1\nfi\n# This output is used by Xcode 'outputs' to avoid re-running this script phase.\necho \"SUCCESS\" > \"${SCRIPT_OUTPUT_FILE_0}\"\n";
			showEnvVarsInLog = 0;
		};
/* End PBXShellScriptBuildPhase section */

/* Begin PBXSourcesBuildPhase section */
		1932A0E120E40B0100DB85AB /* Sources */ = {
			isa = PBXSourcesBuildPhase;
			buildActionMask = 2147483647;
			files = (
				1932A0F820E40B0200DB85AB /* main.m in Sources */,
				19602E6420E554A000694145 /* DetailsViewController.m in Sources */,
				1932A0EA20E40B0100DB85AB /* AppDelegate.m in Sources */,
				19602E6120E454D800694145 /* MovieCell.m in Sources */,
				1932A11C20E40D1100DB85AB /* MoviesViewController.m in Sources */,
			);
			runOnlyForDeploymentPostprocessing = 0;
		};
		1932A0F920E40B0200DB85AB /* Sources */ = {
			isa = PBXSourcesBuildPhase;
			buildActionMask = 2147483647;
			files = (
				1932A10220E40B0200DB85AB /* FlixTests.m in Sources */,
			);
			runOnlyForDeploymentPostprocessing = 0;
		};
		1932A10420E40B0200DB85AB /* Sources */ = {
			isa = PBXSourcesBuildPhase;
			buildActionMask = 2147483647;
			files = (
				1932A10D20E40B0200DB85AB /* FlixUITests.m in Sources */,
			);
			runOnlyForDeploymentPostprocessing = 0;
		};
/* End PBXSourcesBuildPhase section */

/* Begin PBXTargetDependency section */
		1932A0FF20E40B0200DB85AB /* PBXTargetDependency */ = {
			isa = PBXTargetDependency;
			target = 1932A0E420E40B0100DB85AB /* Flix */;
			targetProxy = 1932A0FE20E40B0200DB85AB /* PBXContainerItemProxy */;
		};
		1932A10A20E40B0200DB85AB /* PBXTargetDependency */ = {
			isa = PBXTargetDependency;
			target = 1932A0E420E40B0100DB85AB /* Flix */;
			targetProxy = 1932A10920E40B0200DB85AB /* PBXContainerItemProxy */;
		};
/* End PBXTargetDependency section */

/* Begin PBXVariantGroup section */
		1932A0EE20E40B0100DB85AB /* Main.storyboard */ = {
			isa = PBXVariantGroup;
			children = (
				1932A0EF20E40B0100DB85AB /* Base */,
			);
			name = Main.storyboard;
			sourceTree = "<group>";
		};
		1932A0F320E40B0200DB85AB /* LaunchScreen.storyboard */ = {
			isa = PBXVariantGroup;
			children = (
				1932A0F420E40B0200DB85AB /* Base */,
			);
			name = LaunchScreen.storyboard;
			sourceTree = "<group>";
		};
/* End PBXVariantGroup section */

/* Begin XCBuildConfiguration section */
		1932A10F20E40B0200DB85AB /* Debug */ = {
			isa = XCBuildConfiguration;
			buildSettings = {
				ALWAYS_SEARCH_USER_PATHS = NO;
				CLANG_ANALYZER_NONNULL = YES;
				CLANG_ANALYZER_NUMBER_OBJECT_CONVERSION = YES_AGGRESSIVE;
				CLANG_CXX_LANGUAGE_STANDARD = "gnu++14";
				CLANG_CXX_LIBRARY = "libc++";
				CLANG_ENABLE_MODULES = YES;
				CLANG_ENABLE_OBJC_ARC = YES;
				CLANG_ENABLE_OBJC_WEAK = YES;
				CLANG_WARN_BLOCK_CAPTURE_AUTORELEASING = YES;
				CLANG_WARN_BOOL_CONVERSION = YES;
				CLANG_WARN_COMMA = YES;
				CLANG_WARN_CONSTANT_CONVERSION = YES;
				CLANG_WARN_DEPRECATED_OBJC_IMPLEMENTATIONS = YES;
				CLANG_WARN_DIRECT_OBJC_ISA_USAGE = YES_ERROR;
				CLANG_WARN_DOCUMENTATION_COMMENTS = YES;
				CLANG_WARN_EMPTY_BODY = YES;
				CLANG_WARN_ENUM_CONVERSION = YES;
				CLANG_WARN_INFINITE_RECURSION = YES;
				CLANG_WARN_INT_CONVERSION = YES;
				CLANG_WARN_NON_LITERAL_NULL_CONVERSION = YES;
				CLANG_WARN_OBJC_IMPLICIT_RETAIN_SELF = YES;
				CLANG_WARN_OBJC_LITERAL_CONVERSION = YES;
				CLANG_WARN_OBJC_ROOT_CLASS = YES_ERROR;
				CLANG_WARN_RANGE_LOOP_ANALYSIS = YES;
				CLANG_WARN_STRICT_PROTOTYPES = YES;
				CLANG_WARN_SUSPICIOUS_MOVE = YES;
				CLANG_WARN_UNGUARDED_AVAILABILITY = YES_AGGRESSIVE;
				CLANG_WARN_UNREACHABLE_CODE = YES;
				CLANG_WARN__DUPLICATE_METHOD_MATCH = YES;
				CODE_SIGN_IDENTITY = "iPhone Developer";
				COPY_PHASE_STRIP = NO;
				DEBUG_INFORMATION_FORMAT = dwarf;
				ENABLE_STRICT_OBJC_MSGSEND = YES;
				ENABLE_TESTABILITY = YES;
				GCC_C_LANGUAGE_STANDARD = gnu11;
				GCC_DYNAMIC_NO_PIC = NO;
				GCC_NO_COMMON_BLOCKS = YES;
				GCC_OPTIMIZATION_LEVEL = 0;
				GCC_PREPROCESSOR_DEFINITIONS = (
					"DEBUG=1",
					"$(inherited)",
				);
				GCC_WARN_64_TO_32_BIT_CONVERSION = YES;
				GCC_WARN_ABOUT_RETURN_TYPE = YES_ERROR;
				GCC_WARN_UNDECLARED_SELECTOR = YES;
				GCC_WARN_UNINITIALIZED_AUTOS = YES_AGGRESSIVE;
				GCC_WARN_UNUSED_FUNCTION = YES;
				GCC_WARN_UNUSED_VARIABLE = YES;
				IPHONEOS_DEPLOYMENT_TARGET = 11.4;
				MTL_ENABLE_DEBUG_INFO = YES;
				ONLY_ACTIVE_ARCH = YES;
				SDKROOT = iphoneos;
			};
			name = Debug;
		};
		1932A11020E40B0200DB85AB /* Release */ = {
			isa = XCBuildConfiguration;
			buildSettings = {
				ALWAYS_SEARCH_USER_PATHS = NO;
				CLANG_ANALYZER_NONNULL = YES;
				CLANG_ANALYZER_NUMBER_OBJECT_CONVERSION = YES_AGGRESSIVE;
				CLANG_CXX_LANGUAGE_STANDARD = "gnu++14";
				CLANG_CXX_LIBRARY = "libc++";
				CLANG_ENABLE_MODULES = YES;
				CLANG_ENABLE_OBJC_ARC = YES;
				CLANG_ENABLE_OBJC_WEAK = YES;
				CLANG_WARN_BLOCK_CAPTURE_AUTORELEASING = YES;
				CLANG_WARN_BOOL_CONVERSION = YES;
				CLANG_WARN_COMMA = YES;
				CLANG_WARN_CONSTANT_CONVERSION = YES;
				CLANG_WARN_DEPRECATED_OBJC_IMPLEMENTATIONS = YES;
				CLANG_WARN_DIRECT_OBJC_ISA_USAGE = YES_ERROR;
				CLANG_WARN_DOCUMENTATION_COMMENTS = YES;
				CLANG_WARN_EMPTY_BODY = YES;
				CLANG_WARN_ENUM_CONVERSION = YES;
				CLANG_WARN_INFINITE_RECURSION = YES;
				CLANG_WARN_INT_CONVERSION = YES;
				CLANG_WARN_NON_LITERAL_NULL_CONVERSION = YES;
				CLANG_WARN_OBJC_IMPLICIT_RETAIN_SELF = YES;
				CLANG_WARN_OBJC_LITERAL_CONVERSION = YES;
				CLANG_WARN_OBJC_ROOT_CLASS = YES_ERROR;
				CLANG_WARN_RANGE_LOOP_ANALYSIS = YES;
				CLANG_WARN_STRICT_PROTOTYPES = YES;
				CLANG_WARN_SUSPICIOUS_MOVE = YES;
				CLANG_WARN_UNGUARDED_AVAILABILITY = YES_AGGRESSIVE;
				CLANG_WARN_UNREACHABLE_CODE = YES;
				CLANG_WARN__DUPLICATE_METHOD_MATCH = YES;
				CODE_SIGN_IDENTITY = "iPhone Developer";
				COPY_PHASE_STRIP = NO;
				DEBUG_INFORMATION_FORMAT = "dwarf-with-dsym";
				ENABLE_NS_ASSERTIONS = NO;
				ENABLE_STRICT_OBJC_MSGSEND = YES;
				GCC_C_LANGUAGE_STANDARD = gnu11;
				GCC_NO_COMMON_BLOCKS = YES;
				GCC_WARN_64_TO_32_BIT_CONVERSION = YES;
				GCC_WARN_ABOUT_RETURN_TYPE = YES_ERROR;
				GCC_WARN_UNDECLARED_SELECTOR = YES;
				GCC_WARN_UNINITIALIZED_AUTOS = YES_AGGRESSIVE;
				GCC_WARN_UNUSED_FUNCTION = YES;
				GCC_WARN_UNUSED_VARIABLE = YES;
				IPHONEOS_DEPLOYMENT_TARGET = 11.4;
				MTL_ENABLE_DEBUG_INFO = NO;
				SDKROOT = iphoneos;
				VALIDATE_PRODUCT = YES;
			};
			name = Release;
		};
		1932A11220E40B0200DB85AB /* Debug */ = {
			isa = XCBuildConfiguration;
			baseConfigurationReference = 95C2A20FB8831D7BA2DE3466 /* Pods-Flix.debug.xcconfig */;
			buildSettings = {
				ASSETCATALOG_COMPILER_APPICON_NAME = AppIcon;
				CODE_SIGN_STYLE = Automatic;
				INFOPLIST_FILE = Flix/Info.plist;
				LD_RUNPATH_SEARCH_PATHS = (
					"$(inherited)",
					"@executable_path/Frameworks",
				);
				PRODUCT_BUNDLE_IDENTIFIER = leahxiao.Flix;
				PRODUCT_NAME = "$(TARGET_NAME)";
				TARGETED_DEVICE_FAMILY = "1,2";
			};
			name = Debug;
		};
		1932A11320E40B0200DB85AB /* Release */ = {
			isa = XCBuildConfiguration;
			baseConfigurationReference = ECBFC5E1DA0ACD8C60A2D5AC /* Pods-Flix.release.xcconfig */;
			buildSettings = {
				ASSETCATALOG_COMPILER_APPICON_NAME = AppIcon;
				CODE_SIGN_STYLE = Automatic;
				INFOPLIST_FILE = Flix/Info.plist;
				LD_RUNPATH_SEARCH_PATHS = (
					"$(inherited)",
					"@executable_path/Frameworks",
				);
				PRODUCT_BUNDLE_IDENTIFIER = leahxiao.Flix;
				PRODUCT_NAME = "$(TARGET_NAME)";
				TARGETED_DEVICE_FAMILY = "1,2";
			};
			name = Release;
		};
		1932A11520E40B0200DB85AB /* Debug */ = {
			isa = XCBuildConfiguration;
			baseConfigurationReference = 080C8A28A4CBD29A14428D64 /* Pods-FlixTests.debug.xcconfig */;
			buildSettings = {
				BUNDLE_LOADER = "$(TEST_HOST)";
				CODE_SIGN_STYLE = Automatic;
				INFOPLIST_FILE = FlixTests/Info.plist;
				LD_RUNPATH_SEARCH_PATHS = (
					"$(inherited)",
					"@executable_path/Frameworks",
					"@loader_path/Frameworks",
				);
				PRODUCT_BUNDLE_IDENTIFIER = leahxiao.FlixTests;
				PRODUCT_NAME = "$(TARGET_NAME)";
				TARGETED_DEVICE_FAMILY = "1,2";
				TEST_HOST = "$(BUILT_PRODUCTS_DIR)/Flix.app/Flix";
			};
			name = Debug;
		};
		1932A11620E40B0200DB85AB /* Release */ = {
			isa = XCBuildConfiguration;
			baseConfigurationReference = 894BBC62E0DD24CC46D8AE9F /* Pods-FlixTests.release.xcconfig */;
			buildSettings = {
				BUNDLE_LOADER = "$(TEST_HOST)";
				CODE_SIGN_STYLE = Automatic;
				INFOPLIST_FILE = FlixTests/Info.plist;
				LD_RUNPATH_SEARCH_PATHS = (
					"$(inherited)",
					"@executable_path/Frameworks",
					"@loader_path/Frameworks",
				);
				PRODUCT_BUNDLE_IDENTIFIER = leahxiao.FlixTests;
				PRODUCT_NAME = "$(TARGET_NAME)";
				TARGETED_DEVICE_FAMILY = "1,2";
				TEST_HOST = "$(BUILT_PRODUCTS_DIR)/Flix.app/Flix";
			};
			name = Release;
		};
		1932A11820E40B0200DB85AB /* Debug */ = {
			isa = XCBuildConfiguration;
			baseConfigurationReference = D7D8E70592552F45AEAB62EB /* Pods-FlixUITests.debug.xcconfig */;
			buildSettings = {
				CODE_SIGN_STYLE = Automatic;
				INFOPLIST_FILE = FlixUITests/Info.plist;
				LD_RUNPATH_SEARCH_PATHS = (
					"$(inherited)",
					"@executable_path/Frameworks",
					"@loader_path/Frameworks",
				);
				PRODUCT_BUNDLE_IDENTIFIER = leahxiao.FlixUITests;
				PRODUCT_NAME = "$(TARGET_NAME)";
				TARGETED_DEVICE_FAMILY = "1,2";
				TEST_TARGET_NAME = Flix;
			};
			name = Debug;
		};
		1932A11920E40B0200DB85AB /* Release */ = {
			isa = XCBuildConfiguration;
			baseConfigurationReference = 7AF3BDBDB3028757F2A2D22C /* Pods-FlixUITests.release.xcconfig */;
			buildSettings = {
				CODE_SIGN_STYLE = Automatic;
				INFOPLIST_FILE = FlixUITests/Info.plist;
				LD_RUNPATH_SEARCH_PATHS = (
					"$(inherited)",
					"@executable_path/Frameworks",
					"@loader_path/Frameworks",
				);
				PRODUCT_BUNDLE_IDENTIFIER = leahxiao.FlixUITests;
				PRODUCT_NAME = "$(TARGET_NAME)";
				TARGETED_DEVICE_FAMILY = "1,2";
				TEST_TARGET_NAME = Flix;
			};
			name = Release;
		};
/* End XCBuildConfiguration section */

/* Begin XCConfigurationList section */
		1932A0E020E40B0100DB85AB /* Build configuration list for PBXProject "Flix" */ = {
			isa = XCConfigurationList;
			buildConfigurations = (
				1932A10F20E40B0200DB85AB /* Debug */,
				1932A11020E40B0200DB85AB /* Release */,
			);
			defaultConfigurationIsVisible = 0;
			defaultConfigurationName = Release;
		};
		1932A11120E40B0200DB85AB /* Build configuration list for PBXNativeTarget "Flix" */ = {
			isa = XCConfigurationList;
			buildConfigurations = (
				1932A11220E40B0200DB85AB /* Debug */,
				1932A11320E40B0200DB85AB /* Release */,
			);
			defaultConfigurationIsVisible = 0;
			defaultConfigurationName = Release;
		};
		1932A11420E40B0200DB85AB /* Build configuration list for PBXNativeTarget "FlixTests" */ = {
			isa = XCConfigurationList;
			buildConfigurations = (
				1932A11520E40B0200DB85AB /* Debug */,
				1932A11620E40B0200DB85AB /* Release */,
			);
			defaultConfigurationIsVisible = 0;
			defaultConfigurationName = Release;
		};
		1932A11720E40B0200DB85AB /* Build configuration list for PBXNativeTarget "FlixUITests" */ = {
			isa = XCConfigurationList;
			buildConfigurations = (
				1932A11820E40B0200DB85AB /* Debug */,
				1932A11920E40B0200DB85AB /* Release */,
			);
			defaultConfigurationIsVisible = 0;
			defaultConfigurationName = Release;
		};
/* End XCConfigurationList section */
	};
	rootObject = 1932A0DD20E40B0100DB85AB /* Project object */;
}
